
Microsoft Visual Studio Solution File, Format Version 12.00
# Visual Studio Express 2012 for Windows Desktop
Project("{FAE04EC0-301F-11D3-BF4B-00C04F79EFBC}") = "FFXIVGearTracker", "FFXIVGearTracker\FFXIVGearTracker.csproj", "{5B292502-3750-4350-B35C-021CA173C4D9}"
EndProject
Global
	GlobalSection(SolutionConfigurationPlatforms) = preSolution
		Debug|Any CPU = Debug|Any CPU
		Release|Any CPU = Release|Any CPU
	EndGlobalSection
	GlobalSection(ProjectConfigurationPlatforms) = postSolution
		{5B292502-3750-4350-B35C-021CA173C4D9}.Debug|Any CPU.ActiveCfg = Debug|Any CPU
		{5B292502-3750-4350-B35C-021CA173C4D9}.Debug|Any CPU.Build.0 = Debug|Any CPU
		{5B292502-3750-4350-B35C-021CA173C4D9}.Release|Any CPU.ActiveCfg = Release|Any CPU
		{5B292502-3750-4350-B35C-021CA173C4D9}.Release|Any CPU.Build.0 = Release|Any CPU
	EndGlobalSection
	GlobalSection(SolutionProperties) = preSolution
		HideSolutionNode = FALSE
	EndGlobalSection
EndGlobal
